<<<<<<< HEAD
%{"connection": {:git, "git://github.com/fishcakez/connection.git", "7d0612e4baa24a015cc70d8bdcee90b417316a3a", []}}
=======
%{"connection": {:git, "git://github.com/fishcakez/connection.git", "d226e3d0767a6c293207faaa9056ed17b00cb5c0", []},
  "exprotobuf": {:hex, :exprotobuf, "0.8.5"},
  "gpb": {:git, "git://github.com/tomas-abrahamsson/gpb.git", "17b8343093f22153c4473fad4df3e0934ef6d431", [tag: "3.18.6"]}}
>>>>>>> Add the `:gpb` dependency
