%{"connection": {:git, "git://github.com/fishcakez/connection.git", "581729581289de1ba7d9220aa7feacaf7ccef764", []},
  "decimal": {:hex, :decimal, "1.1.0"},
  "ex_doc": {:hex, :ex_doc, "0.7.3"},
  "small_ints": {:git, "git://github.com/whatyouhide/small_ints.git", "6e6c60a86d11fa176dfc857a8268af57bf409444", []}}
